
Microsoft Visual Studio Solution File, Format Version 12.00
# Visual Studio Version 16
VisualStudioVersion = 16.0.29728.190
MinimumVisualStudioVersion = 10.0.40219.1
Project("{9A19103F-16F7-4668-BE54-9A1E7A4F7556}") = "NUnitHotelsApi", "..\NUnitHotelsApi\NUnitHotelsApi.csproj", "{339F3D9B-2446-4687-ADC8-AE346ECABAE8}"
EndProject
Project("{9A19103F-16F7-4668-BE54-9A1E7A4F7556}") = "HotelsRESTApi", "HotelsRESTApi.csproj", "{156A6F62-5C54-446C-8024-60EC0B838EA7}"
EndProject
Global
	GlobalSection(SolutionConfigurationPlatforms) = preSolution
		Debug|Any CPU = Debug|Any CPU
		Release|Any CPU = Release|Any CPU
	EndGlobalSection
	GlobalSection(ProjectConfigurationPlatforms) = postSolution
		{339F3D9B-2446-4687-ADC8-AE346ECABAE8}.Debug|Any CPU.ActiveCfg = Debug|Any CPU
		{339F3D9B-2446-4687-ADC8-AE346ECABAE8}.Debug|Any CPU.Build.0 = Debug|Any CPU
		{339F3D9B-2446-4687-ADC8-AE346ECABAE8}.Release|Any CPU.ActiveCfg = Release|Any CPU
		{339F3D9B-2446-4687-ADC8-AE346ECABAE8}.Release|Any CPU.Build.0 = Release|Any CPU
		{156A6F62-5C54-446C-8024-60EC0B838EA7}.Debug|Any CPU.ActiveCfg = Debug|Any CPU
		{156A6F62-5C54-446C-8024-60EC0B838EA7}.Debug|Any CPU.Build.0 = Debug|Any CPU
		{156A6F62-5C54-446C-8024-60EC0B838EA7}.Release|Any CPU.ActiveCfg = Release|Any CPU
		{156A6F62-5C54-446C-8024-60EC0B838EA7}.Release|Any CPU.Build.0 = Release|Any CPU
	EndGlobalSection
	GlobalSection(SolutionProperties) = preSolution
		HideSolutionNode = FALSE
	EndGlobalSection
	GlobalSection(ExtensibilityGlobals) = postSolution
		SolutionGuid = {46F12D1A-B079-4451-82C9-05E63886E32E}
	EndGlobalSection
EndGlobal
